PODS:
  - TapkuLibrary (0.3.5)

DEPENDENCIES:
  - TapkuLibrary (from `https://github.com/joystate/tapkulibrary.git`)

EXTERNAL SOURCES:
  TapkuLibrary:
    :git: https://github.com/joystate/tapkulibrary.git

SPEC CHECKSUMS:
  TapkuLibrary: 187d3cd6b9b68064105954afe534f962611b6d48

COCOAPODS: 0.29.0
